
Microsoft Visual Studio Solution File, Format Version 12.00
# Visual Studio Version 16
VisualStudioVersion = 16.0.31424.327
MinimumVisualStudioVersion = 10.0.40219.1
Project("{9A19103F-16F7-4668-BE54-9A1E7A4F7556}") = "SOLIDexperimentation", "SOLIDexperimentation.csproj", "{FCFE863A-D3A1-49D3-9341-9D3599DC0256}"
EndProject
Project("{FAE04EC0-301F-11D3-BF4B-00C04F79EFBC}") = "SOLIDexperimentationTest", "..\SOLIDexperimentationTest\SOLIDexperimentationTest.csproj", "{D9C1E1F6-1663-4A53-BF3C-5FF1C097F397}"
	ProjectSection(ProjectDependencies) = postProject
		{FCFE863A-D3A1-49D3-9341-9D3599DC0256} = {FCFE863A-D3A1-49D3-9341-9D3599DC0256}
	EndProjectSection
EndProject
Global
	GlobalSection(SolutionConfigurationPlatforms) = preSolution
		Debug|Any CPU = Debug|Any CPU
		Release|Any CPU = Release|Any CPU
	EndGlobalSection
	GlobalSection(ProjectConfigurationPlatforms) = postSolution
		{FCFE863A-D3A1-49D3-9341-9D3599DC0256}.Debug|Any CPU.ActiveCfg = Debug|Any CPU
		{FCFE863A-D3A1-49D3-9341-9D3599DC0256}.Debug|Any CPU.Build.0 = Debug|Any CPU
		{FCFE863A-D3A1-49D3-9341-9D3599DC0256}.Release|Any CPU.ActiveCfg = Release|Any CPU
		{FCFE863A-D3A1-49D3-9341-9D3599DC0256}.Release|Any CPU.Build.0 = Release|Any CPU
		{D9C1E1F6-1663-4A53-BF3C-5FF1C097F397}.Debug|Any CPU.ActiveCfg = Debug|Any CPU
		{D9C1E1F6-1663-4A53-BF3C-5FF1C097F397}.Debug|Any CPU.Build.0 = Debug|Any CPU
		{D9C1E1F6-1663-4A53-BF3C-5FF1C097F397}.Release|Any CPU.ActiveCfg = Release|Any CPU
		{D9C1E1F6-1663-4A53-BF3C-5FF1C097F397}.Release|Any CPU.Build.0 = Release|Any CPU
	EndGlobalSection
	GlobalSection(SolutionProperties) = preSolution
		HideSolutionNode = FALSE
	EndGlobalSection
	GlobalSection(ExtensibilityGlobals) = postSolution
		SolutionGuid = {4E73D6D0-E834-4E51-87CB-103BCABAE565}
	EndGlobalSection
EndGlobal
